// !$*UTF8*$!
{
	archiveVersion = 1;
	classes = {
	};
	objectVersion = 56;
	objects = {

/* Begin PBXBuildFile section */
		8433C70A2AA0EB3400F77924 /* CategoryViewModel.swift in Sources */ = {isa = PBXBuildFile; fileRef = 8433C7092AA0EB3400F77924 /* CategoryViewModel.swift */; };
		8465B1452A7D2C79007D5FC2 /* ScheduleCell.swift in Sources */ = {isa = PBXBuildFile; fileRef = 8465B1442A7D2C79007D5FC2 /* ScheduleCell.swift */; };
		8467623A2AB32C990043DD40 /* Localizable.stringsdict in Resources */ = {isa = PBXBuildFile; fileRef = 8467623C2AB32C990043DD40 /* Localizable.stringsdict */; };
		846762522AB342850043DD40 /* Localizable.strings in Resources */ = {isa = PBXBuildFile; fileRef = 846762542AB342850043DD40 /* Localizable.strings */; };
		84687A432A9394B9009037CC /* Tracker.xcdatamodeld in Sources */ = {isa = PBXBuildFile; fileRef = 84687A412A9394B9009037CC /* Tracker.xcdatamodeld */; };
		84687A462A93A2D6009037CC /* UIColorMarshalling.swift in Sources */ = {isa = PBXBuildFile; fileRef = 84687A452A93A2D6009037CC /* UIColorMarshalling.swift */; };
		84687A482A93A385009037CC /* TrackerStore.swift in Sources */ = {isa = PBXBuildFile; fileRef = 84687A472A93A385009037CC /* TrackerStore.swift */; };
		84687A4A2A93B48E009037CC /* TrackerCategoryStore.swift in Sources */ = {isa = PBXBuildFile; fileRef = 84687A492A93B48E009037CC /* TrackerCategoryStore.swift */; };
		84687A4C2A93B49C009037CC /* TrackerRecordStore.swift in Sources */ = {isa = PBXBuildFile; fileRef = 84687A4B2A93B49C009037CC /* TrackerRecordStore.swift */; };
		846A10992A82237C00432492 /* Weekday.swift in Sources */ = {isa = PBXBuildFile; fileRef = 846A10982A82237C00432492 /* Weekday.swift */; };
		846A109D2A82291F00432492 /* TrackerCollectionViewDataSourse.swift in Sources */ = {isa = PBXBuildFile; fileRef = 846A109C2A82291F00432492 /* TrackerCollectionViewDataSourse.swift */; };
		846A10A12A822C4700432492 /* TrackerSearchTextBar.swift in Sources */ = {isa = PBXBuildFile; fileRef = 846A10A02A822C4700432492 /* TrackerSearchTextBar.swift */; };
		846A10A52A823F3200432492 /* ScheduleViewDataSource.swift in Sources */ = {isa = PBXBuildFile; fileRef = 846A10A42A823F3200432492 /* ScheduleViewDataSource.swift */; };
		846A10AB2A824B9100432492 /* NewTrackerDelegate.swift in Sources */ = {isa = PBXBuildFile; fileRef = 846A10AA2A824B9100432492 /* NewTrackerDelegate.swift */; };
		846A10AD2A824BA100432492 /* NewTrackerDataSource.swift in Sources */ = {isa = PBXBuildFile; fileRef = 846A10AC2A824BA100432492 /* NewTrackerDataSource.swift */; };
		84C792032ABC65A700C76B5B /* StatisticCardView.swift in Sources */ = {isa = PBXBuildFile; fileRef = 84C792022ABC65A700C76B5B /* StatisticCardView.swift */; };
		84C792052ABC7A9300C76B5B /* Array+Extensions.swift in Sources */ = {isa = PBXBuildFile; fileRef = 84C792042ABC7A9300C76B5B /* Array+Extensions.swift */; };
		84C8651C2A7A8A1000788BBD /* NewTrackerSubtitleCell.swift in Sources */ = {isa = PBXBuildFile; fileRef = 84C8651B2A7A8A1000788BBD /* NewTrackerSubtitleCell.swift */; };
		84C8651E2A7A93FC00788BBD /* Constants.swift in Sources */ = {isa = PBXBuildFile; fileRef = 84C8651D2A7A93FC00788BBD /* Constants.swift */; };
		84C865212A7A9C1800788BBD /* CategoryViewController.swift in Sources */ = {isa = PBXBuildFile; fileRef = 84C865202A7A9C1800788BBD /* CategoryViewController.swift */; };
		84C865242A7A9C6D00788BBD /* ScheduleViewController.swift in Sources */ = {isa = PBXBuildFile; fileRef = 84C865232A7A9C6D00788BBD /* ScheduleViewController.swift */; };
		84CA63F82A79088E00A804E1 /* SupplementaryView.swift in Sources */ = {isa = PBXBuildFile; fileRef = 84CA63F72A79088E00A804E1 /* SupplementaryView.swift */; };
		84CA63FB2A793B5100A804E1 /* TrackerTypeViewController.swift in Sources */ = {isa = PBXBuildFile; fileRef = 84CA63FA2A793B5100A804E1 /* TrackerTypeViewController.swift */; };
		84CA63FD2A79422E00A804E1 /* CreateNewTrackerViewController.swift in Sources */ = {isa = PBXBuildFile; fileRef = 84CA63FC2A79422E00A804E1 /* CreateNewTrackerViewController.swift */; };
		84CD2E2A2A77BC5200E5824A /* UIColor+Extensions.swift in Sources */ = {isa = PBXBuildFile; fileRef = 84CD2E292A77BC5200E5824A /* UIColor+Extensions.swift */; };
		84CD2E2C2A77C1F900E5824A /* TabBarController.swift in Sources */ = {isa = PBXBuildFile; fileRef = 84CD2E2B2A77C1F900E5824A /* TabBarController.swift */; };
		84CD2E2F2A77C30D00E5824A /* Tracker.swift in Sources */ = {isa = PBXBuildFile; fileRef = 84CD2E2E2A77C30D00E5824A /* Tracker.swift */; };
		84CD2E312A77C32A00E5824A /* TrackerCategory.swift in Sources */ = {isa = PBXBuildFile; fileRef = 84CD2E302A77C32A00E5824A /* TrackerCategory.swift */; };
		84CD2E332A77C33E00E5824A /* TrackerRecord.swift in Sources */ = {isa = PBXBuildFile; fileRef = 84CD2E322A77C33E00E5824A /* TrackerRecord.swift */; };
		84CD2E372A77C5C000E5824A /* StatisticViewController.swift in Sources */ = {isa = PBXBuildFile; fileRef = 84CD2E362A77C5C000E5824A /* StatisticViewController.swift */; };
		84CD2E392A77DD6A00E5824A /* UIImage+Extension.swift in Sources */ = {isa = PBXBuildFile; fileRef = 84CD2E382A77DD6A00E5824A /* UIImage+Extension.swift */; };
		84CD2E3B2A78045F00E5824A /* TrackerCollectionViewCell.swift in Sources */ = {isa = PBXBuildFile; fileRef = 84CD2E3A2A78045F00E5824A /* TrackerCollectionViewCell.swift */; };
		84D377BE2A96373500F04E84 /* CoreDataService.swift in Sources */ = {isa = PBXBuildFile; fileRef = 84D377BD2A96373500F04E84 /* CoreDataService.swift */; };
		84DAC7F72AB1A41000BC1982 /* OnboardingViewController.swift in Sources */ = {isa = PBXBuildFile; fileRef = 84DAC7F62AB1A41000BC1982 /* OnboardingViewController.swift */; };
		84DB1B682A83CD7D00A3BEBE /* NewCategoryViewController.swift in Sources */ = {isa = PBXBuildFile; fileRef = 84DB1B672A83CD7D00A3BEBE /* NewCategoryViewController.swift */; };
		84DBE1DB2A8B7E6600A1557C /* NewTrackerEmodjiCollectionCell.swift in Sources */ = {isa = PBXBuildFile; fileRef = 84DBE1DA2A8B7E6600A1557C /* NewTrackerEmodjiCollectionCell.swift */; };
		84DBE1DD2A8B7E9B00A1557C /* NewTrackerCollectionHeader.swift in Sources */ = {isa = PBXBuildFile; fileRef = 84DBE1DC2A8B7E9B00A1557C /* NewTrackerCollectionHeader.swift */; };
		84DE06AE2A9F5C3B00CBA6F6 /* OnboardingPageViewController.swift in Sources */ = {isa = PBXBuildFile; fileRef = 84DE06AD2A9F5C3B00CBA6F6 /* OnboardingPageViewController.swift */; };
		84E3A3262A73E3C400030BDF /* AppDelegate.swift in Sources */ = {isa = PBXBuildFile; fileRef = 84E3A3252A73E3C400030BDF /* AppDelegate.swift */; };
		84E3A3282A73E3C400030BDF /* SceneDelegate.swift in Sources */ = {isa = PBXBuildFile; fileRef = 84E3A3272A73E3C400030BDF /* SceneDelegate.swift */; };
		84E3A32A2A73E3C400030BDF /* TrackersViewController.swift in Sources */ = {isa = PBXBuildFile; fileRef = 84E3A3292A73E3C400030BDF /* TrackersViewController.swift */; };
		84E3A32F2A73E3C500030BDF /* Assets.xcassets in Resources */ = {isa = PBXBuildFile; fileRef = 84E3A32E2A73E3C500030BDF /* Assets.xcassets */; };
		84E3A3322A73E3C500030BDF /* LaunchScreen.storyboard in Resources */ = {isa = PBXBuildFile; fileRef = 84E3A3302A73E3C500030BDF /* LaunchScreen.storyboard */; };
		84E40DDA2A9C782A00E9108D /* NewTrackerColorCollectionCell.swift in Sources */ = {isa = PBXBuildFile; fileRef = 84E40DD92A9C782A00E9108D /* NewTrackerColorCollectionCell.swift */; };
		84EFAF532A7BD42C0005F93F /* CategoryCell.swift in Sources */ = {isa = PBXBuildFile; fileRef = 84EFAF522A7BD42C0005F93F /* CategoryCell.swift */; };
		84F75A4D2ABEA4F900FD5E41 /* FiltersViewController.swift in Sources */ = {isa = PBXBuildFile; fileRef = 84F75A4C2ABEA4F900FD5E41 /* FiltersViewController.swift */; };
		84F75A4F2ABEE35300FD5E41 /* FilterCell.swift in Sources */ = {isa = PBXBuildFile; fileRef = 84F75A4E2ABEE35300FD5E41 /* FilterCell.swift */; };
/* End PBXBuildFile section */

/* Begin PBXFileReference section */
		8433C7092AA0EB3400F77924 /* CategoryViewModel.swift */ = {isa = PBXFileReference; lastKnownFileType = sourcecode.swift; path = CategoryViewModel.swift; sourceTree = "<group>"; };
		8465B1442A7D2C79007D5FC2 /* ScheduleCell.swift */ = {isa = PBXFileReference; lastKnownFileType = sourcecode.swift; path = ScheduleCell.swift; sourceTree = "<group>"; };
		8467623B2AB32C990043DD40 /* en */ = {isa = PBXFileReference; lastKnownFileType = text.plist.stringsdict; name = en; path = en.lproj/Localizable.stringsdict; sourceTree = "<group>"; };
		8467623F2AB32D250043DD40 /* ru */ = {isa = PBXFileReference; lastKnownFileType = text.plist.strings; name = ru; path = ru.lproj/LaunchScreen.strings; sourceTree = "<group>"; };
		846762402AB32D250043DD40 /* ru */ = {isa = PBXFileReference; lastKnownFileType = text.plist.stringsdict; name = ru; path = ru.lproj/Localizable.stringsdict; sourceTree = "<group>"; };
		846762532AB342850043DD40 /* en */ = {isa = PBXFileReference; lastKnownFileType = text.plist.strings; name = en; path = en.lproj/Localizable.strings; sourceTree = "<group>"; };
		846762552AB3428C0043DD40 /* ru */ = {isa = PBXFileReference; lastKnownFileType = text.plist.strings; name = ru; path = ru.lproj/Localizable.strings; sourceTree = "<group>"; };
		84687A422A9394B9009037CC /* Tracker.xcdatamodel */ = {isa = PBXFileReference; lastKnownFileType = wrapper.xcdatamodel; path = Tracker.xcdatamodel; sourceTree = "<group>"; };
		84687A452A93A2D6009037CC /* UIColorMarshalling.swift */ = {isa = PBXFileReference; lastKnownFileType = sourcecode.swift; path = UIColorMarshalling.swift; sourceTree = "<group>"; };
		84687A472A93A385009037CC /* TrackerStore.swift */ = {isa = PBXFileReference; lastKnownFileType = sourcecode.swift; path = TrackerStore.swift; sourceTree = "<group>"; };
		84687A492A93B48E009037CC /* TrackerCategoryStore.swift */ = {isa = PBXFileReference; lastKnownFileType = sourcecode.swift; path = TrackerCategoryStore.swift; sourceTree = "<group>"; };
		84687A4B2A93B49C009037CC /* TrackerRecordStore.swift */ = {isa = PBXFileReference; lastKnownFileType = sourcecode.swift; path = TrackerRecordStore.swift; sourceTree = "<group>"; };
		846A10982A82237C00432492 /* Weekday.swift */ = {isa = PBXFileReference; lastKnownFileType = sourcecode.swift; path = Weekday.swift; sourceTree = "<group>"; };
		846A109C2A82291F00432492 /* TrackerCollectionViewDataSourse.swift */ = {isa = PBXFileReference; lastKnownFileType = sourcecode.swift; path = TrackerCollectionViewDataSourse.swift; sourceTree = "<group>"; };
		846A10A02A822C4700432492 /* TrackerSearchTextBar.swift */ = {isa = PBXFileReference; lastKnownFileType = sourcecode.swift; path = TrackerSearchTextBar.swift; sourceTree = "<group>"; };
		846A10A42A823F3200432492 /* ScheduleViewDataSource.swift */ = {isa = PBXFileReference; lastKnownFileType = sourcecode.swift; path = ScheduleViewDataSource.swift; sourceTree = "<group>"; };
		846A10AA2A824B9100432492 /* NewTrackerDelegate.swift */ = {isa = PBXFileReference; lastKnownFileType = sourcecode.swift; path = NewTrackerDelegate.swift; sourceTree = "<group>"; };
		846A10AC2A824BA100432492 /* NewTrackerDataSource.swift */ = {isa = PBXFileReference; lastKnownFileType = sourcecode.swift; path = NewTrackerDataSource.swift; sourceTree = "<group>"; };
		84C792022ABC65A700C76B5B /* StatisticCardView.swift */ = {isa = PBXFileReference; lastKnownFileType = sourcecode.swift; path = StatisticCardView.swift; sourceTree = "<group>"; };
		84C792042ABC7A9300C76B5B /* Array+Extensions.swift */ = {isa = PBXFileReference; lastKnownFileType = sourcecode.swift; path = "Array+Extensions.swift"; sourceTree = "<group>"; };
		84C8651B2A7A8A1000788BBD /* NewTrackerSubtitleCell.swift */ = {isa = PBXFileReference; lastKnownFileType = sourcecode.swift; path = NewTrackerSubtitleCell.swift; sourceTree = "<group>"; };
		84C8651D2A7A93FC00788BBD /* Constants.swift */ = {isa = PBXFileReference; lastKnownFileType = sourcecode.swift; path = Constants.swift; sourceTree = "<group>"; };
		84C865202A7A9C1800788BBD /* CategoryViewController.swift */ = {isa = PBXFileReference; lastKnownFileType = sourcecode.swift; path = CategoryViewController.swift; sourceTree = "<group>"; };
		84C865232A7A9C6D00788BBD /* ScheduleViewController.swift */ = {isa = PBXFileReference; lastKnownFileType = sourcecode.swift; path = ScheduleViewController.swift; sourceTree = "<group>"; };
		84CA63F72A79088E00A804E1 /* SupplementaryView.swift */ = {isa = PBXFileReference; lastKnownFileType = sourcecode.swift; path = SupplementaryView.swift; sourceTree = "<group>"; };
		84CA63FA2A793B5100A804E1 /* TrackerTypeViewController.swift */ = {isa = PBXFileReference; lastKnownFileType = sourcecode.swift; path = TrackerTypeViewController.swift; sourceTree = "<group>"; };
		84CA63FC2A79422E00A804E1 /* CreateNewTrackerViewController.swift */ = {isa = PBXFileReference; lastKnownFileType = sourcecode.swift; path = CreateNewTrackerViewController.swift; sourceTree = "<group>"; };
		84CD2E292A77BC5200E5824A /* UIColor+Extensions.swift */ = {isa = PBXFileReference; lastKnownFileType = sourcecode.swift; path = "UIColor+Extensions.swift"; sourceTree = "<group>"; };
		84CD2E2B2A77C1F900E5824A /* TabBarController.swift */ = {isa = PBXFileReference; lastKnownFileType = sourcecode.swift; path = TabBarController.swift; sourceTree = "<group>"; };
		84CD2E2E2A77C30D00E5824A /* Tracker.swift */ = {isa = PBXFileReference; lastKnownFileType = sourcecode.swift; path = Tracker.swift; sourceTree = "<group>"; };
		84CD2E302A77C32A00E5824A /* TrackerCategory.swift */ = {isa = PBXFileReference; lastKnownFileType = sourcecode.swift; path = TrackerCategory.swift; sourceTree = "<group>"; };
		84CD2E322A77C33E00E5824A /* TrackerRecord.swift */ = {isa = PBXFileReference; lastKnownFileType = sourcecode.swift; path = TrackerRecord.swift; sourceTree = "<group>"; };
		84CD2E362A77C5C000E5824A /* StatisticViewController.swift */ = {isa = PBXFileReference; lastKnownFileType = sourcecode.swift; path = StatisticViewController.swift; sourceTree = "<group>"; };
		84CD2E382A77DD6A00E5824A /* UIImage+Extension.swift */ = {isa = PBXFileReference; lastKnownFileType = sourcecode.swift; path = "UIImage+Extension.swift"; sourceTree = "<group>"; };
		84CD2E3A2A78045F00E5824A /* TrackerCollectionViewCell.swift */ = {isa = PBXFileReference; lastKnownFileType = sourcecode.swift; path = TrackerCollectionViewCell.swift; sourceTree = "<group>"; };
		84D377BD2A96373500F04E84 /* CoreDataService.swift */ = {isa = PBXFileReference; lastKnownFileType = sourcecode.swift; path = CoreDataService.swift; sourceTree = "<group>"; };
		84DAC7F62AB1A41000BC1982 /* OnboardingViewController.swift */ = {isa = PBXFileReference; lastKnownFileType = sourcecode.swift; path = OnboardingViewController.swift; sourceTree = "<group>"; };
		84DB1B672A83CD7D00A3BEBE /* NewCategoryViewController.swift */ = {isa = PBXFileReference; lastKnownFileType = sourcecode.swift; path = NewCategoryViewController.swift; sourceTree = "<group>"; };
		84DBE1DA2A8B7E6600A1557C /* NewTrackerEmodjiCollectionCell.swift */ = {isa = PBXFileReference; lastKnownFileType = sourcecode.swift; path = NewTrackerEmodjiCollectionCell.swift; sourceTree = "<group>"; };
		84DBE1DC2A8B7E9B00A1557C /* NewTrackerCollectionHeader.swift */ = {isa = PBXFileReference; lastKnownFileType = sourcecode.swift; path = NewTrackerCollectionHeader.swift; sourceTree = "<group>"; };
		84DE06AD2A9F5C3B00CBA6F6 /* OnboardingPageViewController.swift */ = {isa = PBXFileReference; lastKnownFileType = sourcecode.swift; path = OnboardingPageViewController.swift; sourceTree = "<group>"; };
		84E3A3222A73E3C400030BDF /* Tracker.app */ = {isa = PBXFileReference; explicitFileType = wrapper.application; includeInIndex = 0; path = Tracker.app; sourceTree = BUILT_PRODUCTS_DIR; };
		84E3A3252A73E3C400030BDF /* AppDelegate.swift */ = {isa = PBXFileReference; lastKnownFileType = sourcecode.swift; path = AppDelegate.swift; sourceTree = "<group>"; };
		84E3A3272A73E3C400030BDF /* SceneDelegate.swift */ = {isa = PBXFileReference; lastKnownFileType = sourcecode.swift; path = SceneDelegate.swift; sourceTree = "<group>"; };
		84E3A3292A73E3C400030BDF /* TrackersViewController.swift */ = {isa = PBXFileReference; lastKnownFileType = sourcecode.swift; path = TrackersViewController.swift; sourceTree = "<group>"; };
		84E3A32E2A73E3C500030BDF /* Assets.xcassets */ = {isa = PBXFileReference; lastKnownFileType = folder.assetcatalog; path = Assets.xcassets; sourceTree = "<group>"; };
		84E3A3312A73E3C500030BDF /* Base */ = {isa = PBXFileReference; lastKnownFileType = file.storyboard; name = Base; path = Base.lproj/LaunchScreen.storyboard; sourceTree = "<group>"; };
		84E3A3332A73E3C500030BDF /* Info.plist */ = {isa = PBXFileReference; lastKnownFileType = text.plist.xml; path = Info.plist; sourceTree = "<group>"; };
		84E40DD92A9C782A00E9108D /* NewTrackerColorCollectionCell.swift */ = {isa = PBXFileReference; lastKnownFileType = sourcecode.swift; path = NewTrackerColorCollectionCell.swift; sourceTree = "<group>"; };
		84EFAF522A7BD42C0005F93F /* CategoryCell.swift */ = {isa = PBXFileReference; lastKnownFileType = sourcecode.swift; path = CategoryCell.swift; sourceTree = "<group>"; };
		84F75A4C2ABEA4F900FD5E41 /* FiltersViewController.swift */ = {isa = PBXFileReference; lastKnownFileType = sourcecode.swift; path = FiltersViewController.swift; sourceTree = "<group>"; };
		84F75A4E2ABEE35300FD5E41 /* FilterCell.swift */ = {isa = PBXFileReference; lastKnownFileType = sourcecode.swift; path = FilterCell.swift; sourceTree = "<group>"; };
/* End PBXFileReference section */

/* Begin PBXFrameworksBuildPhase section */
		84E3A31F2A73E3C400030BDF /* Frameworks */ = {
			isa = PBXFrameworksBuildPhase;
			buildActionMask = 2147483647;
			files = (
			);
			runOnlyForDeploymentPostprocessing = 0;
		};
/* End PBXFrameworksBuildPhase section */

/* Begin PBXGroup section */
		846762372AB32C460043DD40 /* Resource */ = {
			isa = PBXGroup;
			children = (
				8467623C2AB32C990043DD40 /* Localizable.stringsdict */,
				846762542AB342850043DD40 /* Localizable.strings */,
			);
			path = Resource;
			sourceTree = "<group>";
		};
		84687A442A9394C3009037CC /* CoreData */ = {
			isa = PBXGroup;
			children = (
				84687A412A9394B9009037CC /* Tracker.xcdatamodeld */,
				84687A472A93A385009037CC /* TrackerStore.swift */,
				84687A492A93B48E009037CC /* TrackerCategoryStore.swift */,
				84687A4B2A93B49C009037CC /* TrackerRecordStore.swift */,
				84D377BD2A96373500F04E84 /* CoreDataService.swift */,
			);
			path = CoreData;
			sourceTree = "<group>";
		};
		84C8651A2A7A89EC00788BBD /* NewHabitCreation */ = {
			isa = PBXGroup;
			children = (
				84CA63FC2A79422E00A804E1 /* CreateNewTrackerViewController.swift */,
				84C8651B2A7A8A1000788BBD /* NewTrackerSubtitleCell.swift */,
				846A10AA2A824B9100432492 /* NewTrackerDelegate.swift */,
				846A10AC2A824BA100432492 /* NewTrackerDataSource.swift */,
				84E40DDD2A9C795F00E9108D /* EmodjiColorCollection */,
			);
			path = NewHabitCreation;
			sourceTree = "<group>";
		};
		84C8651F2A7A9BFB00788BBD /* CategoryViewController */ = {
			isa = PBXGroup;
			children = (
				84C865202A7A9C1800788BBD /* CategoryViewController.swift */,
				8433C7092AA0EB3400F77924 /* CategoryViewModel.swift */,
				84EFAF522A7BD42C0005F93F /* CategoryCell.swift */,
				84DB1B672A83CD7D00A3BEBE /* NewCategoryViewController.swift */,
			);
			path = CategoryViewController;
			sourceTree = "<group>";
		};
		84C865222A7A9C4C00788BBD /* Schedule */ = {
			isa = PBXGroup;
			children = (
				84C865232A7A9C6D00788BBD /* ScheduleViewController.swift */,
				8465B1442A7D2C79007D5FC2 /* ScheduleCell.swift */,
				846A10A42A823F3200432492 /* ScheduleViewDataSource.swift */,
			);
			path = Schedule;
			sourceTree = "<group>";
		};
		84CA63F62A78FAEF00A804E1 /* TabBar */ = {
			isa = PBXGroup;
			children = (
				84CD2E2B2A77C1F900E5824A /* TabBarController.swift */,
			);
			path = TabBar;
			sourceTree = "<group>";
		};
		84CA63F92A793AFA00A804E1 /* TrackerCreation */ = {
			isa = PBXGroup;
			children = (
				84CA63FA2A793B5100A804E1 /* TrackerTypeViewController.swift */,
				84C8651A2A7A89EC00788BBD /* NewHabitCreation */,
				84C8651F2A7A9BFB00788BBD /* CategoryViewController */,
				84C865222A7A9C4C00788BBD /* Schedule */,
			);
			path = TrackerCreation;
			sourceTree = "<group>";
		};
		84CD2E282A77BC1700E5824A /* Helpers */ = {
			isa = PBXGroup;
			children = (
				84C8651D2A7A93FC00788BBD /* Constants.swift */,
				84CD2E292A77BC5200E5824A /* UIColor+Extensions.swift */,
				84687A452A93A2D6009037CC /* UIColorMarshalling.swift */,
				84CD2E382A77DD6A00E5824A /* UIImage+Extension.swift */,
				84C792042ABC7A9300C76B5B /* Array+Extensions.swift */,
				846A10982A82237C00432492 /* Weekday.swift */,
			);
			path = Helpers;
			sourceTree = "<group>";
		};
		84CD2E2D2A77C2F900E5824A /* Models */ = {
			isa = PBXGroup;
			children = (
				84CD2E2E2A77C30D00E5824A /* Tracker.swift */,
				84CD2E302A77C32A00E5824A /* TrackerCategory.swift */,
				84CD2E322A77C33E00E5824A /* TrackerRecord.swift */,
			);
			path = Models;
			sourceTree = "<group>";
		};
		84CD2E342A77C3E700E5824A /* Trackers */ = {
			isa = PBXGroup;
			children = (
				84E3A3292A73E3C400030BDF /* TrackersViewController.swift */,
				84CD2E3A2A78045F00E5824A /* TrackerCollectionViewCell.swift */,
				84CA63F72A79088E00A804E1 /* SupplementaryView.swift */,
				846A109C2A82291F00432492 /* TrackerCollectionViewDataSourse.swift */,
				846A10A02A822C4700432492 /* TrackerSearchTextBar.swift */,
				84F75A4C2ABEA4F900FD5E41 /* FiltersViewController.swift */,
				84F75A4E2ABEE35300FD5E41 /* FilterCell.swift */,
			);
			path = Trackers;
			sourceTree = "<group>";
		};
		84CD2E352A77C41800E5824A /* Statistics */ = {
			isa = PBXGroup;
			children = (
				84CD2E362A77C5C000E5824A /* StatisticViewController.swift */,
				84C792022ABC65A700C76B5B /* StatisticCardView.swift */,
			);
			path = Statistics;
			sourceTree = "<group>";
		};
		84DE06AC2A9F5B3300CBA6F6 /* Onboarding */ = {
			isa = PBXGroup;
			children = (
				84DE06AD2A9F5C3B00CBA6F6 /* OnboardingPageViewController.swift */,
				84DAC7F62AB1A41000BC1982 /* OnboardingViewController.swift */,
			);
			path = Onboarding;
			sourceTree = "<group>";
		};
		84E3A3192A73E3C400030BDF = {
			isa = PBXGroup;
			children = (
				84E3A3242A73E3C400030BDF /* Tracker */,
				84E3A3232A73E3C400030BDF /* Products */,
			);
			sourceTree = "<group>";
		};
		84E3A3232A73E3C400030BDF /* Products */ = {
			isa = PBXGroup;
			children = (
				84E3A3222A73E3C400030BDF /* Tracker.app */,
			);
			name = Products;
			sourceTree = "<group>";
		};
		84E3A3242A73E3C400030BDF /* Tracker */ = {
			isa = PBXGroup;
			children = (
				84E3A3252A73E3C400030BDF /* AppDelegate.swift */,
				84E3A3272A73E3C400030BDF /* SceneDelegate.swift */,
				84687A442A9394C3009037CC /* CoreData */,
				84CD2E2D2A77C2F900E5824A /* Models */,
				84DE06AC2A9F5B3300CBA6F6 /* Onboarding */,
				84CA63F62A78FAEF00A804E1 /* TabBar */,
				84CD2E342A77C3E700E5824A /* Trackers */,
				84CA63F92A793AFA00A804E1 /* TrackerCreation */,
				84CD2E352A77C41800E5824A /* Statistics */,
				84CD2E282A77BC1700E5824A /* Helpers */,
				846762372AB32C460043DD40 /* Resource */,
				84E3A32E2A73E3C500030BDF /* Assets.xcassets */,
				84E3A3302A73E3C500030BDF /* LaunchScreen.storyboard */,
				84E3A3332A73E3C500030BDF /* Info.plist */,
			);
			path = Tracker;
			sourceTree = "<group>";
		};
		84E40DDD2A9C795F00E9108D /* EmodjiColorCollection */ = {
			isa = PBXGroup;
			children = (
				84DBE1DA2A8B7E6600A1557C /* NewTrackerEmodjiCollectionCell.swift */,
				84E40DD92A9C782A00E9108D /* NewTrackerColorCollectionCell.swift */,
				84DBE1DC2A8B7E9B00A1557C /* NewTrackerCollectionHeader.swift */,
			);
			path = EmodjiColorCollection;
			sourceTree = "<group>";
		};
/* End PBXGroup section */

/* Begin PBXNativeTarget section */
		84E3A3212A73E3C400030BDF /* Tracker */ = {
			isa = PBXNativeTarget;
			buildConfigurationList = 84E3A3362A73E3C500030BDF /* Build configuration list for PBXNativeTarget "Tracker" */;
			buildPhases = (
				84E3A31E2A73E3C400030BDF /* Sources */,
				84E3A31F2A73E3C400030BDF /* Frameworks */,
				84E3A3202A73E3C400030BDF /* Resources */,
				84CD2E272A77BAC600E5824A /* ShellScript */,
			);
			buildRules = (
			);
			dependencies = (
			);
			name = Tracker;
			productName = Tracker;
			productReference = 84E3A3222A73E3C400030BDF /* Tracker.app */;
			productType = "com.apple.product-type.application";
		};
/* End PBXNativeTarget section */

/* Begin PBXProject section */
		84E3A31A2A73E3C400030BDF /* Project object */ = {
			isa = PBXProject;
			attributes = {
				BuildIndependentTargetsInParallel = 1;
				LastSwiftUpdateCheck = 1430;
				LastUpgradeCheck = 1430;
				TargetAttributes = {
					84E3A3212A73E3C400030BDF = {
						CreatedOnToolsVersion = 14.3.1;
					};
				};
			};
			buildConfigurationList = 84E3A31D2A73E3C400030BDF /* Build configuration list for PBXProject "Tracker" */;
			compatibilityVersion = "Xcode 14.0";
			developmentRegion = en;
			hasScannedForEncodings = 0;
			knownRegions = (
				en,
				Base,
				ru,
			);
			mainGroup = 84E3A3192A73E3C400030BDF;
			productRefGroup = 84E3A3232A73E3C400030BDF /* Products */;
			projectDirPath = "";
			projectRoot = "";
			targets = (
				84E3A3212A73E3C400030BDF /* Tracker */,
			);
		};
/* End PBXProject section */

/* Begin PBXResourcesBuildPhase section */
		84E3A3202A73E3C400030BDF /* Resources */ = {
			isa = PBXResourcesBuildPhase;
			buildActionMask = 2147483647;
			files = (
				84E3A3322A73E3C500030BDF /* LaunchScreen.storyboard in Resources */,
				846762522AB342850043DD40 /* Localizable.strings in Resources */,
				84E3A32F2A73E3C500030BDF /* Assets.xcassets in Resources */,
				8467623A2AB32C990043DD40 /* Localizable.stringsdict in Resources */,
			);
			runOnlyForDeploymentPostprocessing = 0;
		};
/* End PBXResourcesBuildPhase section */

/* Begin PBXShellScriptBuildPhase section */
		84CD2E272A77BAC600E5824A /* ShellScript */ = {
			isa = PBXShellScriptBuildPhase;
			buildActionMask = 2147483647;
			files = (
			);
			inputFileListPaths = (
			);
			inputPaths = (
			);
			outputFileListPaths = (
			);
			outputPaths = (
			);
			runOnlyForDeploymentPostprocessing = 0;
			shellPath = /bin/sh;
			shellScript = "if [[ \"$(uname -m)\" == arm64 ]]; then\n    export PATH=\"/opt/homebrew/bin:$PATH\"\nfi\n\nif which swiftlint > /dev/null; then\n  swiftlint\nelse\n  echo \"warning: SwiftLint not installed, download from https://github.com/realm/SwiftLint\"\nfi\n";
		};
/* End PBXShellScriptBuildPhase section */

/* Begin PBXSourcesBuildPhase section */
		84E3A31E2A73E3C400030BDF /* Sources */ = {
			isa = PBXSourcesBuildPhase;
			buildActionMask = 2147483647;
			files = (
				846A10A52A823F3200432492 /* ScheduleViewDataSource.swift in Sources */,
				84687A4C2A93B49C009037CC /* TrackerRecordStore.swift in Sources */,
				84687A4A2A93B48E009037CC /* TrackerCategoryStore.swift in Sources */,
				84CD2E2F2A77C30D00E5824A /* Tracker.swift in Sources */,
				84687A482A93A385009037CC /* TrackerStore.swift in Sources */,
				84C8651E2A7A93FC00788BBD /* Constants.swift in Sources */,
				846A10992A82237C00432492 /* Weekday.swift in Sources */,
				84CD2E332A77C33E00E5824A /* TrackerRecord.swift in Sources */,
				8433C70A2AA0EB3400F77924 /* CategoryViewModel.swift in Sources */,
				84E3A32A2A73E3C400030BDF /* TrackersViewController.swift in Sources */,
				84E3A3262A73E3C400030BDF /* AppDelegate.swift in Sources */,
				84CA63FB2A793B5100A804E1 /* TrackerTypeViewController.swift in Sources */,
				84F75A4F2ABEE35300FD5E41 /* FilterCell.swift in Sources */,
				84E3A3282A73E3C400030BDF /* SceneDelegate.swift in Sources */,
				84DAC7F72AB1A41000BC1982 /* OnboardingViewController.swift in Sources */,
				84C792032ABC65A700C76B5B /* StatisticCardView.swift in Sources */,
				84C792052ABC7A9300C76B5B /* Array+Extensions.swift in Sources */,
				84F75A4D2ABEA4F900FD5E41 /* FiltersViewController.swift in Sources */,
				84DE06AE2A9F5C3B00CBA6F6 /* OnboardingPageViewController.swift in Sources */,
				84DBE1DD2A8B7E9B00A1557C /* NewTrackerCollectionHeader.swift in Sources */,
				84E40DDA2A9C782A00E9108D /* NewTrackerColorCollectionCell.swift in Sources */,
				846A109D2A82291F00432492 /* TrackerCollectionViewDataSourse.swift in Sources */,
				84CD2E3B2A78045F00E5824A /* TrackerCollectionViewCell.swift in Sources */,
				846A10AB2A824B9100432492 /* NewTrackerDelegate.swift in Sources */,
				84C8651C2A7A8A1000788BBD /* NewTrackerSubtitleCell.swift in Sources */,
				84CA63FD2A79422E00A804E1 /* CreateNewTrackerViewController.swift in Sources */,
				84C865242A7A9C6D00788BBD /* ScheduleViewController.swift in Sources */,
				84CA63F82A79088E00A804E1 /* SupplementaryView.swift in Sources */,
				84CD2E2C2A77C1F900E5824A /* TabBarController.swift in Sources */,
				84687A462A93A2D6009037CC /* UIColorMarshalling.swift in Sources */,
				84CD2E372A77C5C000E5824A /* StatisticViewController.swift in Sources */,
				84CD2E392A77DD6A00E5824A /* UIImage+Extension.swift in Sources */,
				84EFAF532A7BD42C0005F93F /* CategoryCell.swift in Sources */,
				84CD2E2A2A77BC5200E5824A /* UIColor+Extensions.swift in Sources */,
				84C865212A7A9C1800788BBD /* CategoryViewController.swift in Sources */,
				846A10AD2A824BA100432492 /* NewTrackerDataSource.swift in Sources */,
				846A10A12A822C4700432492 /* TrackerSearchTextBar.swift in Sources */,
				84D377BE2A96373500F04E84 /* CoreDataService.swift in Sources */,
				8465B1452A7D2C79007D5FC2 /* ScheduleCell.swift in Sources */,
				84687A432A9394B9009037CC /* Tracker.xcdatamodeld in Sources */,
				84DB1B682A83CD7D00A3BEBE /* NewCategoryViewController.swift in Sources */,
				84CD2E312A77C32A00E5824A /* TrackerCategory.swift in Sources */,
				84DBE1DB2A8B7E6600A1557C /* NewTrackerEmodjiCollectionCell.swift in Sources */,
			);
			runOnlyForDeploymentPostprocessing = 0;
		};
/* End PBXSourcesBuildPhase section */

/* Begin PBXVariantGroup section */
		8467623C2AB32C990043DD40 /* Localizable.stringsdict */ = {
			isa = PBXVariantGroup;
			children = (
				8467623B2AB32C990043DD40 /* en */,
				846762402AB32D250043DD40 /* ru */,
			);
			name = Localizable.stringsdict;
			sourceTree = "<group>";
		};
		846762542AB342850043DD40 /* Localizable.strings */ = {
			isa = PBXVariantGroup;
			children = (
				846762532AB342850043DD40 /* en */,
				846762552AB3428C0043DD40 /* ru */,
			);
			name = Localizable.strings;
			sourceTree = "<group>";
		};
		84E3A3302A73E3C500030BDF /* LaunchScreen.storyboard */ = {
			isa = PBXVariantGroup;
			children = (
				84E3A3312A73E3C500030BDF /* Base */,
				8467623F2AB32D250043DD40 /* ru */,
			);
			name = LaunchScreen.storyboard;
			sourceTree = "<group>";
		};
/* End PBXVariantGroup section */

/* Begin XCBuildConfiguration section */
		84E3A3342A73E3C500030BDF /* Debug */ = {
			isa = XCBuildConfiguration;
			buildSettings = {
				ALWAYS_SEARCH_USER_PATHS = NO;
				CLANG_ANALYZER_LOCALIZABILITY_NONLOCALIZED = YES;
				CLANG_ANALYZER_NONNULL = YES;
				CLANG_ANALYZER_NUMBER_OBJECT_CONVERSION = YES_AGGRESSIVE;
				CLANG_CXX_LANGUAGE_STANDARD = "gnu++20";
				CLANG_ENABLE_MODULES = YES;
				CLANG_ENABLE_OBJC_ARC = YES;
				CLANG_ENABLE_OBJC_WEAK = YES;
				CLANG_WARN_BLOCK_CAPTURE_AUTORELEASING = YES;
				CLANG_WARN_BOOL_CONVERSION = YES;
				CLANG_WARN_COMMA = YES;
				CLANG_WARN_CONSTANT_CONVERSION = YES;
				CLANG_WARN_DEPRECATED_OBJC_IMPLEMENTATIONS = YES;
				CLANG_WARN_DIRECT_OBJC_ISA_USAGE = YES_ERROR;
				CLANG_WARN_DOCUMENTATION_COMMENTS = YES;
				CLANG_WARN_EMPTY_BODY = YES;
				CLANG_WARN_ENUM_CONVERSION = YES;
				CLANG_WARN_INFINITE_RECURSION = YES;
				CLANG_WARN_INT_CONVERSION = YES;
				CLANG_WARN_NON_LITERAL_NULL_CONVERSION = YES;
				CLANG_WARN_OBJC_IMPLICIT_RETAIN_SELF = YES;
				CLANG_WARN_OBJC_LITERAL_CONVERSION = YES;
				CLANG_WARN_OBJC_ROOT_CLASS = YES_ERROR;
				CLANG_WARN_QUOTED_INCLUDE_IN_FRAMEWORK_HEADER = YES;
				CLANG_WARN_RANGE_LOOP_ANALYSIS = YES;
				CLANG_WARN_STRICT_PROTOTYPES = YES;
				CLANG_WARN_SUSPICIOUS_MOVE = YES;
				CLANG_WARN_UNGUARDED_AVAILABILITY = YES_AGGRESSIVE;
				CLANG_WARN_UNREACHABLE_CODE = YES;
				CLANG_WARN__DUPLICATE_METHOD_MATCH = YES;
				COPY_PHASE_STRIP = NO;
				DEBUG_INFORMATION_FORMAT = dwarf;
				ENABLE_STRICT_OBJC_MSGSEND = YES;
				ENABLE_TESTABILITY = YES;
				GCC_C_LANGUAGE_STANDARD = gnu11;
				GCC_DYNAMIC_NO_PIC = NO;
				GCC_NO_COMMON_BLOCKS = YES;
				GCC_OPTIMIZATION_LEVEL = 0;
				GCC_PREPROCESSOR_DEFINITIONS = (
					"DEBUG=1",
					"$(inherited)",
				);
				GCC_WARN_64_TO_32_BIT_CONVERSION = YES;
				GCC_WARN_ABOUT_RETURN_TYPE = YES_ERROR;
				GCC_WARN_UNDECLARED_SELECTOR = YES;
				GCC_WARN_UNINITIALIZED_AUTOS = YES_AGGRESSIVE;
				GCC_WARN_UNUSED_FUNCTION = YES;
				GCC_WARN_UNUSED_VARIABLE = YES;
				IPHONEOS_DEPLOYMENT_TARGET = 13.4;
				MTL_ENABLE_DEBUG_INFO = INCLUDE_SOURCE;
				MTL_FAST_MATH = YES;
				ONLY_ACTIVE_ARCH = YES;
				SDKROOT = iphoneos;
				SWIFT_ACTIVE_COMPILATION_CONDITIONS = DEBUG;
				SWIFT_OPTIMIZATION_LEVEL = "-Onone";
			};
			name = Debug;
		};
		84E3A3352A73E3C500030BDF /* Release */ = {
			isa = XCBuildConfiguration;
			buildSettings = {
				ALWAYS_SEARCH_USER_PATHS = NO;
				CLANG_ANALYZER_LOCALIZABILITY_NONLOCALIZED = YES;
				CLANG_ANALYZER_NONNULL = YES;
				CLANG_ANALYZER_NUMBER_OBJECT_CONVERSION = YES_AGGRESSIVE;
				CLANG_CXX_LANGUAGE_STANDARD = "gnu++20";
				CLANG_ENABLE_MODULES = YES;
				CLANG_ENABLE_OBJC_ARC = YES;
				CLANG_ENABLE_OBJC_WEAK = YES;
				CLANG_WARN_BLOCK_CAPTURE_AUTORELEASING = YES;
				CLANG_WARN_BOOL_CONVERSION = YES;
				CLANG_WARN_COMMA = YES;
				CLANG_WARN_CONSTANT_CONVERSION = YES;
				CLANG_WARN_DEPRECATED_OBJC_IMPLEMENTATIONS = YES;
				CLANG_WARN_DIRECT_OBJC_ISA_USAGE = YES_ERROR;
				CLANG_WARN_DOCUMENTATION_COMMENTS = YES;
				CLANG_WARN_EMPTY_BODY = YES;
				CLANG_WARN_ENUM_CONVERSION = YES;
				CLANG_WARN_INFINITE_RECURSION = YES;
				CLANG_WARN_INT_CONVERSION = YES;
				CLANG_WARN_NON_LITERAL_NULL_CONVERSION = YES;
				CLANG_WARN_OBJC_IMPLICIT_RETAIN_SELF = YES;
				CLANG_WARN_OBJC_LITERAL_CONVERSION = YES;
				CLANG_WARN_OBJC_ROOT_CLASS = YES_ERROR;
				CLANG_WARN_QUOTED_INCLUDE_IN_FRAMEWORK_HEADER = YES;
				CLANG_WARN_RANGE_LOOP_ANALYSIS = YES;
				CLANG_WARN_STRICT_PROTOTYPES = YES;
				CLANG_WARN_SUSPICIOUS_MOVE = YES;
				CLANG_WARN_UNGUARDED_AVAILABILITY = YES_AGGRESSIVE;
				CLANG_WARN_UNREACHABLE_CODE = YES;
				CLANG_WARN__DUPLICATE_METHOD_MATCH = YES;
				COPY_PHASE_STRIP = NO;
				DEBUG_INFORMATION_FORMAT = "dwarf-with-dsym";
				ENABLE_NS_ASSERTIONS = NO;
				ENABLE_STRICT_OBJC_MSGSEND = YES;
				GCC_C_LANGUAGE_STANDARD = gnu11;
				GCC_NO_COMMON_BLOCKS = YES;
				GCC_WARN_64_TO_32_BIT_CONVERSION = YES;
				GCC_WARN_ABOUT_RETURN_TYPE = YES_ERROR;
				GCC_WARN_UNDECLARED_SELECTOR = YES;
				GCC_WARN_UNINITIALIZED_AUTOS = YES_AGGRESSIVE;
				GCC_WARN_UNUSED_FUNCTION = YES;
				GCC_WARN_UNUSED_VARIABLE = YES;
				IPHONEOS_DEPLOYMENT_TARGET = 13.4;
				MTL_ENABLE_DEBUG_INFO = NO;
				MTL_FAST_MATH = YES;
				SDKROOT = iphoneos;
				SWIFT_COMPILATION_MODE = wholemodule;
				SWIFT_OPTIMIZATION_LEVEL = "-O";
				VALIDATE_PRODUCT = YES;
			};
			name = Release;
		};
		84E3A3372A73E3C500030BDF /* Debug */ = {
			isa = XCBuildConfiguration;
			buildSettings = {
				ASSETCATALOG_COMPILER_APPICON_NAME = AppIcon;
				ASSETCATALOG_COMPILER_GLOBAL_ACCENT_COLOR_NAME = AccentColor;
				CODE_SIGN_STYLE = Automatic;
				CURRENT_PROJECT_VERSION = 1;
				DEVELOPMENT_TEAM = W42T3RUH7H;
				GENERATE_INFOPLIST_FILE = YES;
				INFOPLIST_FILE = Tracker/Info.plist;
				INFOPLIST_KEY_UIApplicationSupportsIndirectInputEvents = YES;
				INFOPLIST_KEY_UILaunchStoryboardName = LaunchScreen;
				INFOPLIST_KEY_UISupportedInterfaceOrientations = UIInterfaceOrientationPortrait;
				INFOPLIST_KEY_UISupportedInterfaceOrientations_iPad = "UIInterfaceOrientationLandscapeLeft UIInterfaceOrientationLandscapeRight UIInterfaceOrientationPortrait UIInterfaceOrientationPortraitUpsideDown";
				IPHONEOS_DEPLOYMENT_TARGET = 13.4;
				LD_RUNPATH_SEARCH_PATHS = (
					"$(inherited)",
					"@executable_path/Frameworks",
				);
				MARKETING_VERSION = 1.0;
				PRODUCT_BUNDLE_IDENTIFIER = ru.azonaz.Tracker;
				PRODUCT_NAME = "$(TARGET_NAME)";
				SUPPORTED_PLATFORMS = "iphoneos iphonesimulator";
				SUPPORTS_MACCATALYST = NO;
				SUPPORTS_MAC_DESIGNED_FOR_IPHONE_IPAD = NO;
				SWIFT_EMIT_LOC_STRINGS = YES;
				SWIFT_VERSION = 5.0;
				TARGETED_DEVICE_FAMILY = 1;
			};
			name = Debug;
		};
		84E3A3382A73E3C500030BDF /* Release */ = {
			isa = XCBuildConfiguration;
			buildSettings = {
				ASSETCATALOG_COMPILER_APPICON_NAME = AppIcon;
				ASSETCATALOG_COMPILER_GLOBAL_ACCENT_COLOR_NAME = AccentColor;
				CODE_SIGN_STYLE = Automatic;
				CURRENT_PROJECT_VERSION = 1;
				DEVELOPMENT_TEAM = W42T3RUH7H;
				GENERATE_INFOPLIST_FILE = YES;
				INFOPLIST_FILE = Tracker/Info.plist;
				INFOPLIST_KEY_UIApplicationSupportsIndirectInputEvents = YES;
				INFOPLIST_KEY_UILaunchStoryboardName = LaunchScreen;
				INFOPLIST_KEY_UISupportedInterfaceOrientations = UIInterfaceOrientationPortrait;
				INFOPLIST_KEY_UISupportedInterfaceOrientations_iPad = "UIInterfaceOrientationLandscapeLeft UIInterfaceOrientationLandscapeRight UIInterfaceOrientationPortrait UIInterfaceOrientationPortraitUpsideDown";
				IPHONEOS_DEPLOYMENT_TARGET = 13.4;
				LD_RUNPATH_SEARCH_PATHS = (
					"$(inherited)",
					"@executable_path/Frameworks",
				);
				MARKETING_VERSION = 1.0;
				PRODUCT_BUNDLE_IDENTIFIER = ru.azonaz.Tracker;
				PRODUCT_NAME = "$(TARGET_NAME)";
				SUPPORTED_PLATFORMS = "iphoneos iphonesimulator";
				SUPPORTS_MACCATALYST = NO;
				SUPPORTS_MAC_DESIGNED_FOR_IPHONE_IPAD = NO;
				SWIFT_EMIT_LOC_STRINGS = YES;
				SWIFT_VERSION = 5.0;
				TARGETED_DEVICE_FAMILY = 1;
			};
			name = Release;
		};
/* End XCBuildConfiguration section */

/* Begin XCConfigurationList section */
		84E3A31D2A73E3C400030BDF /* Build configuration list for PBXProject "Tracker" */ = {
			isa = XCConfigurationList;
			buildConfigurations = (
				84E3A3342A73E3C500030BDF /* Debug */,
				84E3A3352A73E3C500030BDF /* Release */,
			);
			defaultConfigurationIsVisible = 0;
			defaultConfigurationName = Release;
		};
		84E3A3362A73E3C500030BDF /* Build configuration list for PBXNativeTarget "Tracker" */ = {
			isa = XCConfigurationList;
			buildConfigurations = (
				84E3A3372A73E3C500030BDF /* Debug */,
				84E3A3382A73E3C500030BDF /* Release */,
			);
			defaultConfigurationIsVisible = 0;
			defaultConfigurationName = Release;
		};
/* End XCConfigurationList section */

/* Begin XCVersionGroup section */
		84687A412A9394B9009037CC /* Tracker.xcdatamodeld */ = {
			isa = XCVersionGroup;
			children = (
				84687A422A9394B9009037CC /* Tracker.xcdatamodel */,
			);
			currentVersion = 84687A422A9394B9009037CC /* Tracker.xcdatamodel */;
			path = Tracker.xcdatamodeld;
			sourceTree = "<group>";
			versionGroupType = wrapper.xcdatamodel;
		};
/* End XCVersionGroup section */
	};
	rootObject = 84E3A31A2A73E3C400030BDF /* Project object */;
}
